
Microsoft Visual Studio Solution File, Format Version 12.00
# Visual Studio 15
VisualStudioVersion = 15.0.27428.2037
MinimumVisualStudioVersion = 10.0.40219.1
Project("{FAE04EC0-301F-11D3-BF4B-00C04F79EFBC}") = "WindowsFormsApp5", "WindowsFormsApp5\WindowsFormsApp5.csproj", "{A264E8C1-8A1B-484D-BC20-4C9CCA7563B5}"
EndProject
Global
	GlobalSection(SolutionConfigurationPlatforms) = preSolution
		Debug|Any CPU = Debug|Any CPU
		Release|Any CPU = Release|Any CPU
	EndGlobalSection
	GlobalSection(ProjectConfigurationPlatforms) = postSolution
		{A264E8C1-8A1B-484D-BC20-4C9CCA7563B5}.Debug|Any CPU.ActiveCfg = Debug|Any CPU
		{A264E8C1-8A1B-484D-BC20-4C9CCA7563B5}.Debug|Any CPU.Build.0 = Debug|Any CPU
		{A264E8C1-8A1B-484D-BC20-4C9CCA7563B5}.Release|Any CPU.ActiveCfg = Release|Any CPU
		{A264E8C1-8A1B-484D-BC20-4C9CCA7563B5}.Release|Any CPU.Build.0 = Release|Any CPU
	EndGlobalSection
	GlobalSection(SolutionProperties) = preSolution
		HideSolutionNode = FALSE
	EndGlobalSection
	GlobalSection(ExtensibilityGlobals) = postSolution
		SolutionGuid = {76B5D281-E77E-4EC8-9EF1-47E7504F9C14}
	EndGlobalSection
EndGlobal
